github.com/VividCortex/ewma v1.1.1/go.mod h1:2Tkkvm3sRDVXaiyucHiACn4cqf7DpdyLvmxzcbUokwA=
github.com/XiaoMengXinX/CloudMusicDownloader v1.2.0 h1:re0xAoxfAwG1x3bXL1X++qVCEnzppgJsLg2bE7lekPg=
github.com/XiaoMengXinX/CloudMusicDownloader v1.2.0/go.mod h1:tTGKbdf5kLJxE4NiRaVhMTC1c4Vk+yTwYqW+QI4sQN8=
github.com/XiaoMengXinX/Music163Api-Go v0.1.17/go.mod h1:4lcWLPwXMsTiwcyM6JBEAHkU7NUvYJOMPtfiUj9X0Jw=
github.com/XiaoMengXinX/Music163Api-Go v0.1.26 h1:Nybor5okI8C0jzAiRvGfpLHdDrPqUbjx5kXWIZDX6pw=
github.com/XiaoMengXinX/Music163Api-Go v0.1.26/go.mod h1:kLU/CkLxKnEJFCge0URvQ0lHt6ImoG1/2aVeNbgV2RQ=
github.com/acarl005/stripansi v0.0.0-20180116102854-5a71ef0e047d/go.mod h1:asat636LX7Bqt5lYEZ27JNDcqxfjdBQuJ/MM4CN/Lzo=
github.com/bogem/id3v2 v1.2.0 h1:hKDF+F1gOgQ5r1QmBCEZUk4MveJbKxCeIDSBU7CQ4oI=
github.com/bogem/id3v2 v1.2.0/go.mod h1:t78PK5AQ56Q47kizpYiV6gtjj3jfxlz87oFpty8DYs8=
github.com/davecgh/go-spew v1.1.0/go.mod h1:J7Y8YcW2NihsgmVo/mv3lAwl/skON4iLHjSsI+c5H38=
github.com/davecgh/go-spew v1.1.1 h1:vj9j/u1bqnvCEfJOwUhtlOARqs3+rkHYY13jYWTU97c=
github.com/davecgh/go-spew v1.1.1/go.mod h1:J7Y8YcW2NihsgmVo/mv3lAwl/skON4iLHjSsI+c5H38=
github.com/ddliu/go-httpclient v0.5.1 h1:ys4KozrhBaGdI1yuWIFwNNILqhnMU9ozTvRNfCTorvs=
github.com/ddliu/go-httpclient v0.5.1/go.mod h1:8QVbjq00YK2f2MQyiKuWMdaKOFRcoD9VuubkNCNOuZo=
github.com/go-flac/flacpicture v0.2.0 h1:rS/ZOR/ZxlEwMf3yOPFcTAmGyoV6rDtcYdd+6CwWQAw=
github.com/go-flac/flacpicture v0.2.0/go.mod h1:M4a1J0v6B5NHsck4GA1yZg0vFQzETVPd3kuj6Ow+q9o=
github.com/go-flac/flacvorbis v0.1.0 h1:xStJfPrZ/IoA2oBUEwgrlaSf+Opo6/YuQfkqVhkP0cM=
github.com/go-flac/flacvorbis v0.1.0/go.mod h1:70N9vVkQ4Jew0oBWkwqDMIE21h7pMUtQJpnMD0js6XY=
github.com/go-flac/go-flac v0.3.1 h1:BWA7HdO67S4ZLWSVHCxsDHuedFFu5RiV/wmuhvO6Hxo=
github.com/go-flac/go-flac v0.3.1/go.mod h1:jG9IumOfAXr+7J40x0AiQIbJzXf9Y7+Zs/2CNWe4LMk=
github.com/go-telegram-bot-api/telegram-bot-api/v5 v5.5.0 h1:BtndtqqCQfPsL2uMkYmduOip1+dPcSmh40l82mBUPKk=
github.com/go-telegram-bot-api/telegram-bot-api/v5 v5.5.0/go.mod h1:A2S0CWkNylc2phvKXWBBdD3K0iGnDBGbzRpISP2zBl8=
github.com/google/go-cmp v0.2.0 h1:+dTQ8DZQJz0Mb/HjFlkptS1FeQ4cWSnN941F8aEG4SQ=
github.com/google/go-cmp v0.2.0/go.mod h1:oXzfMopK8JAjlY9xF4vHSVASa0yLyX7SntLO5aqRK0M=
github.com/google/uuid v1.3.0 h1:t6JiXgmwXMjEs8VusXIJk2BXHsn+wx8BZdTaoZ5fu7I=
github.com/google/uuid v1.3.0/go.mod h1:TIyPZe4MgqvfeYDBFedMoGGpEw/LqOeaOT+nhxU+yHo=
github.com/jinzhu/inflection v1.0.0 h1:K317FqzuhWc8YvSVlFMCCUb36O/S9MCKRDI7QkRKD/E=
github.com/jinzhu/inflection v1.0.0/go.mod h1:h+uFLlag+Qp1Va5pdKtLDYj+kHp5pxUVkryuEj+Srlc=
github.com/jinzhu/now v1.1.2 h1:eVKgfIdy9b6zbWBMgFpfDPoAMifwSZagU9HmEU6zgiI=
github.com/jinzhu/now v1.1.2/go.mod h1:d3SSVoowX0Lcu0IBviAWJpolVfI5UJVZZ7cO71lE/z8=
github.com/mattn/go-runewidth v0.0.9/go.mod h1:H031xJmbD/WCDINGzjvQ9THkh0rPKHF+m2gUSrubnMI=
github.com/mattn/go-sqlite3 v1.14.8/go.mod h1:NyWgC/yNuGj7Q9rpYnZvas74GogHl5/Z4A/KQRfk6bU=
github.com/mattn/go-sqlite3 v1.14.9 h1:10HX2Td0ocZpYEjhilsuo6WWtUqttj2Kb0KtD86/KYA=
github.com/mattn/go-sqlite3 v1.14.9/go.mod h1:NyWgC/yNuGj7Q9rpYnZvas74GogHl5/Z4A/KQRfk6bU=
github.com/nfnt/resize v0.0.0-20180221191011-83c6a9932646 h1:zYyBkD/k9seD2A7fsi6Oo2LfFZAehjjQMERAvZLEDnQ=
github.com/nfnt/resize v0.0.0-20180221191011-83c6a9932646/go.mod h1:jpp1/29i3P1S/RLdc7JQKbRpFeM1dOBd8T9ki5s+AY8=
github.com/pmezard/go-difflib v1.0.0 h1:4DBwDE0NGyQoBHbLQYPwSUPoCMWR5BEzIk/f1lZbAQM=
github.com/pmezard/go-difflib v1.0.0/go.mod h1:iKH77koFhYxTK1pcRnkKkqfTogsbg7gZNVY4sRDYZ/4=
github.com/sirupsen/logrus v1.8.1 h1:dJKuHgqk1NNQlqoA6BTlM1Wf9DOH3NBjQyu0h9+AZZE=
github.com/sirupsen/logrus v1.8.1/go.mod h1:yWOB1SBYBC5VeMP7gHvWumXLIWorT60ONWic61uBYv0=
github.com/stretchr/objx v0.1.0/go.mod h1:HFkY916IF+rwdDfMAkV7OtwuqBVzrE8GR6GFx+wExME=
github.com/stretchr/testify v1.2.2/go.mod h1:a8OnRcib4nhh0OaRAV+Yts87kKdq0PP7pXfy6kDkUVs=
github.com/stretchr/testify v1.7.0 h1:nwc3DEeHmmLAfoZucVR881uASk0Mfjw8xYJ99tb5CcY=
github.com/stretchr/testify v1.7.0/go.mod h1:6Fq8oRcR53rry900zMqJjRRixrwX3KX962/h/Wwjteg=
github.com/traefik/yaegi v0.11.3 h1:TuuIc0TC4oaWkVngjVAKkFd4fH35B0B95DmbS76uqs8=
github.com/traefik/yaegi v0.11.3/go.mod h1:RuCwD8/wsX7b6KoQHOaIFUfuH3gQIK4KWnFFmJMw5VA=
github.com/vbauerster/mpb/v5 v5.4.0/go.mod h1:fi4wVo7BVQ22QcvFObm+VwliQXlV1eBT8JDaKXR4JGI=
golang.org/x/sys v0.0.0-20191026070338-33540a1f6037/go.mod h1:h1NjWce9XRLGQEsW7wpKNCjG9DtNlClVuFLEZdDNbEs=
golang.org/x/sys v0.0.0-20201218084310-7d0127a74742/go.mod h1:h1NjWce9XRLGQEsW7wpKNCjG9DtNlClVuFLEZdDNbEs=
golang.org/x/sys v0.0.0-20211105183446-c75c47738b0c h1:+8miTPjMCTXwih7BQmvWwd0PjdBZq2MKp/qQaahSzEM=
golang.org/x/sys v0.0.0-20211105183446-c75c47738b0c/go.mod h1:oPkhp1MJrh7nUepCBck5+mAzfO9JrbApNNgaTdGDITg=
golang.org/x/text v0.3.2/go.mod h1:bEr9sfX3Q8Zfm5fL9x+3itogRgK3+ptLWKqgva+5dAk=
golang.org/x/text v0.3.7 h1:olpwvP2KacW1ZWvsR7uQhoyTYvKAupfQrRGBFM352Gk=
golang.org/x/text v0.3.7/go.mod h1:u+2+/6zg+i71rQMx5EYifcz6MCKuco9NR6JIITiCfzQ=
golang.org/x/tools v0.0.0-20180917221912-90fa682c2a6e/go.mod h1:n7NCudcB/nEzxVGmLbDWY5pfWTLqBcC2KZ6jyYvM4mQ=
gopkg.in/check.v1 v0.0.0-20161208181325-20d25e280405/go.mod h1:Co6ibVJAznAaIkqp8huTwlJQCZ016jof/cbN4VW5Yz0=
gopkg.in/yaml.v3 v3.0.0-20200313102051-9f266ea9e77c h1:dUUwHk2QECo/6vqA44rthZ8ie2QXMNeKRTHCNY2nXvo=
gopkg.in/yaml.v3 v3.0.0-20200313102051-9f266ea9e77c/go.mod h1:K4uyk7z7BCEPqu6E+C64Yfv1cQ7kz7rIZviUmN+EgEM=
gorm.io/driver/sqlite v1.1.6 h1:p3U8WXkVFTOLPED4JjrZExfndjOtya3db8w9/vEMNyI=
gorm.io/driver/sqlite v1.1.6/go.mod h1:W8LmC/6UvVbHKah0+QOC7Ja66EaZXHwUTjgXY8YNWX8=
gorm.io/gorm v1.21.15/go.mod h1:F+OptMscr0P2F2qU97WT1WimdH9GaQPoDW7AYd5i2Y0=
gorm.io/gorm v1.21.16 h1:YBIQLtP5PLfZQz59qfrq7xbrK7KWQ+JsXXCH/THlMqs=
gorm.io/gorm v1.21.16/go.mod h1:F+OptMscr0P2F2qU97WT1WimdH9GaQPoDW7AYd5i2Y0=
