github.com/XiaoMengXinX/163KeyMarker v0.0.0-20221030134715-67afb724a936 h1:to5zIst65bM0aYtqsUU97yE6kuHKUB078F2z+G4ZQH4=
github.com/XiaoMengXinX/163KeyMarker v0.0.0-20221030134715-67afb724a936/go.mod h1:L6oR/uZwUSBO7o57qbul/zwUuuKpP4EVnFKmTBscvLY=
github.com/XiaoMengXinX/Music163Api-Go v0.1.29 h1:c7ekfgo4qgEJ3Wjm9rMhGm7ggN8XqbD1idQka4unJ+Q=
github.com/XiaoMengXinX/Music163Api-Go v0.1.29/go.mod h1:kLU/CkLxKnEJFCge0URvQ0lHt6ImoG1/2aVeNbgV2RQ=
github.com/bogem/id3v2 v1.2.0 h1:hKDF+F1gOgQ5r1QmBCEZUk4MveJbKxCeIDSBU7CQ4oI=
github.com/bogem/id3v2 v1.2.0/go.mod h1:t78PK5AQ56Q47kizpYiV6gtjj3jfxlz87oFpty8DYs8=
github.com/davecgh/go-spew v1.1.1 h1:vj9j/u1bqnvCEfJOwUhtlOARqs3+rkHYY13jYWTU97c=
github.com/davecgh/go-spew v1.1.1/go.mod h1:J7Y8YcW2NihsgmVo/mv3lAwl/skON4iLHjSsI+c5H38=
github.com/ddliu/go-httpclient v0.5.1 h1:ys4KozrhBaGdI1yuWIFwNNILqhnMU9ozTvRNfCTorvs=
github.com/ddliu/go-httpclient v0.5.1/go.mod h1:8QVbjq00YK2f2MQyiKuWMdaKOFRcoD9VuubkNCNOuZo=
github.com/dustin/go-humanize v1.0.0/go.mod h1:HtrtbFcZ19U5GC7JDqmcUSB87Iq5E25KnS6fMYU6eOk=
github.com/glebarez/go-sqlite v1.19.1 h1:o2XhjyR8CQ2m84+bVz10G0cabmG0tY4sIMiCbrcUTrY=
github.com/glebarez/go-sqlite v1.19.1/go.mod h1:9AykawGIyIcxoSfpYWiX1SgTNHTNsa/FVc75cDkbp4M=
github.com/glebarez/sqlite v1.5.0 h1:+8LAEpmywqresSoGlqjjT+I9m4PseIM3NcerIJ/V7mk=
github.com/glebarez/sqlite v1.5.0/go.mod h1:0wzXzTvfVJIN2GqRhCdMbnYd+m+aH5/QV7B30rM6NgY=
github.com/go-flac/flacpicture v0.2.0 h1:rS/ZOR/ZxlEwMf3yOPFcTAmGyoV6rDtcYdd+6CwWQAw=
github.com/go-flac/flacpicture v0.2.0/go.mod h1:M4a1J0v6B5NHsck4GA1yZg0vFQzETVPd3kuj6Ow+q9o=
github.com/go-flac/flacvorbis v0.1.0 h1:xStJfPrZ/IoA2oBUEwgrlaSf+Opo6/YuQfkqVhkP0cM=
github.com/go-flac/flacvorbis v0.1.0/go.mod h1:70N9vVkQ4Jew0oBWkwqDMIE21h7pMUtQJpnMD0js6XY=
github.com/go-flac/go-flac v0.3.1 h1:BWA7HdO67S4ZLWSVHCxsDHuedFFu5RiV/wmuhvO6Hxo=
github.com/go-flac/go-flac v0.3.1/go.mod h1:jG9IumOfAXr+7J40x0AiQIbJzXf9Y7+Zs/2CNWe4LMk=
github.com/go-telegram-bot-api/telegram-bot-api/v5 v5.5.0 h1:BtndtqqCQfPsL2uMkYmduOip1+dPcSmh40l82mBUPKk=
github.com/go-telegram-bot-api/telegram-bot-api/v5 v5.5.0/go.mod h1:A2S0CWkNylc2phvKXWBBdD3K0iGnDBGbzRpISP2zBl8=
github.com/google/go-cmp v0.2.0/go.mod h1:oXzfMopK8JAjlY9xF4vHSVASa0yLyX7SntLO5aqRK0M=
github.com/google/go-cmp v0.5.3 h1:x95R7cp+rSeeqAMI2knLtQ0DKlaBhv2NrtrOvafPHRo=
github.com/google/go-cmp v0.5.3/go.mod h1:v8dTdLbMG2kIc/vJvl+f65V22dbkXbowE6jgT/gNBxE=
github.com/google/uuid v1.3.0 h1:t6JiXgmwXMjEs8VusXIJk2BXHsn+wx8BZdTaoZ5fu7I=
github.com/google/uuid v1.3.0/go.mod h1:TIyPZe4MgqvfeYDBFedMoGGpEw/LqOeaOT+nhxU+yHo=
github.com/jinzhu/inflection v1.0.0 h1:K317FqzuhWc8YvSVlFMCCUb36O/S9MCKRDI7QkRKD/E=
github.com/jinzhu/inflection v1.0.0/go.mod h1:h+uFLlag+Qp1Va5pdKtLDYj+kHp5pxUVkryuEj+Srlc=
github.com/jinzhu/now v1.1.4/go.mod h1:d3SSVoowX0Lcu0IBviAWJpolVfI5UJVZZ7cO71lE/z8=
github.com/jinzhu/now v1.1.5 h1:/o9tlHleP7gOFmsnYNz3RGnqzefHA47wQpKrrdTIwXQ=
github.com/jinzhu/now v1.1.5/go.mod h1:d3SSVoowX0Lcu0IBviAWJpolVfI5UJVZZ7cO71lE/z8=
github.com/kballard/go-shellquote v0.0.0-20180428030007-95032a82bc51/go.mod h1:CzGEWj7cYgsdH8dAjBGEr58BoE7ScuLd+fwFZ44+/x8=
github.com/mattn/go-isatty v0.0.12/go.mod h1:cbi8OIDigv2wuxKPP5vlRcQ1OAZbq2CE4Kysco4FUpU=
github.com/mattn/go-isatty v0.0.16 h1:bq3VjFmv/sOjHtdEhmkEV4x1AJtvUvOJ2PFAZ5+peKQ=
github.com/mattn/go-isatty v0.0.16/go.mod h1:kYGgaQfpe5nmfYZH+SKPsOc2e4SrIfOl2e/yFXSvRLM=
github.com/mattn/go-sqlite3 v1.14.15/go.mod h1:2eHXhiwb8IkHr+BDWZGa96P6+rkvnG63S2DGjv9HUNg=
github.com/nfnt/resize v0.0.0-20180221191011-83c6a9932646 h1:zYyBkD/k9seD2A7fsi6Oo2LfFZAehjjQMERAvZLEDnQ=
github.com/nfnt/resize v0.0.0-20180221191011-83c6a9932646/go.mod h1:jpp1/29i3P1S/RLdc7JQKbRpFeM1dOBd8T9ki5s+AY8=
github.com/pmezard/go-difflib v1.0.0 h1:4DBwDE0NGyQoBHbLQYPwSUPoCMWR5BEzIk/f1lZbAQM=
github.com/pmezard/go-difflib v1.0.0/go.mod h1:iKH77koFhYxTK1pcRnkKkqfTogsbg7gZNVY4sRDYZ/4=
github.com/remyoudompheng/bigfft v0.0.0-20200410134404-eec4a21b6bb0 h1:OdAsTTz6OkFY5QxjkYwrChwuRruF69c169dPK26NUlk=
github.com/remyoudompheng/bigfft v0.0.0-20200410134404-eec4a21b6bb0/go.mod h1:qqbHyh8v60DhA7CoWK5oRCqLrMHRGoxYCSS9EjAz6Eo=
github.com/sirupsen/logrus v1.8.1 h1:dJKuHgqk1NNQlqoA6BTlM1Wf9DOH3NBjQyu0h9+AZZE=
github.com/sirupsen/logrus v1.8.1/go.mod h1:yWOB1SBYBC5VeMP7gHvWumXLIWorT60ONWic61uBYv0=
github.com/stretchr/testify v1.2.2 h1:bSDNvY7ZPG5RlJ8otE/7V6gMiyenm9RtJ7IUVIAoJ1w=
github.com/stretchr/testify v1.2.2/go.mod h1:a8OnRcib4nhh0OaRAV+Yts87kKdq0PP7pXfy6kDkUVs=
github.com/yuin/goldmark v1.2.1/go.mod h1:3hX8gzYuyVAZsxl0MRgGTJEmQBFcNTphYh9decYSb74=
golang.org/x/crypto v0.0.0-20190308221718-c2843e01d9a2/go.mod h1:djNgcEr1/C05ACkg1iLfiJU5Ep61QUkGW8qpdssI0+w=
golang.org/x/crypto v0.0.0-20191011191535-87dc89f01550/go.mod h1:yigFU9vqHzYiE8UmvKecakEJjdnWj3jj499lnFckfCI=
golang.org/x/crypto v0.0.0-20200622213623-75b288015ac9/go.mod h1:LzIPMQfyMNhhGPhUkYOs5KpL4U8rLKemX1yGLhDgUto=
golang.org/x/mod v0.3.0/go.mod h1:s0Qsj1ACt9ePp/hMypM3fl4fZqREWJwdYDEqhRiZZUA=
golang.org/x/net v0.0.0-20190404232315-eb5bcb51f2a3/go.mod h1:t9HGtf8HONx5eT2rtn7q6eTqICYqUVnKs3thJo3Qplg=
golang.org/x/net v0.0.0-20190620200207-3b0461eec859/go.mod h1:z5CRVTTTmAJ677TzLLGU+0bjPO0LkuOLi4/5GtJWs/s=
golang.org/x/net v0.0.0-20201021035429-f5854403a974/go.mod h1:sp8m0HH+o8qH0wwXwYZr8TS3Oi6o0r6Gce1SSxlDquU=
golang.org/x/sync v0.0.0-20190423024810-112230192c58/go.mod h1:RxMgew5VJxzue5/jJTE5uejpjVlOe/izrB70Jof72aM=
golang.org/x/sync v0.0.0-20201020160332-67f06af15bc9/go.mod h1:RxMgew5VJxzue5/jJTE5uejpjVlOe/izrB70Jof72aM=
golang.org/x/sys v0.0.0-20190215142949-d0b11bdaac8a/go.mod h1:STP8DvDyc/dI5b8T5hshtkjS+E42TnysNCUPdjciGhY=
golang.org/x/sys v0.0.0-20190412213103-97732733099d/go.mod h1:h1NjWce9XRLGQEsW7wpKNCjG9DtNlClVuFLEZdDNbEs=
golang.org/x/sys v0.0.0-20191026070338-33540a1f6037/go.mod h1:h1NjWce9XRLGQEsW7wpKNCjG9DtNlClVuFLEZdDNbEs=
golang.org/x/sys v0.0.0-20200116001909-b77594299b42/go.mod h1:h1NjWce9XRLGQEsW7wpKNCjG9DtNlClVuFLEZdDNbEs=
golang.org/x/sys v0.0.0-20200930185726-fdedc70b468f/go.mod h1:h1NjWce9XRLGQEsW7wpKNCjG9DtNlClVuFLEZdDNbEs=
golang.org/x/sys v0.0.0-20211007075335-d3039528d8ac/go.mod h1:oPkhp1MJrh7nUepCBck5+mAzfO9JrbApNNgaTdGDITg=
golang.org/x/sys v0.0.0-20220811171246-fbc7d0a398ab h1:2QkjZIsXupsJbJIdSjjUOgWK3aEtzyuh2mPt3l/CkeU=
golang.org/x/sys v0.0.0-20220811171246-fbc7d0a398ab/go.mod h1:oPkhp1MJrh7nUepCBck5+mAzfO9JrbApNNgaTdGDITg=
golang.org/x/text v0.3.0/go.mod h1:NqM8EUOU14njkJ3fqMW+pc6Ldnwhi/IjpwHt7yyuwOQ=
golang.org/x/text v0.3.2/go.mod h1:bEr9sfX3Q8Zfm5fL9x+3itogRgK3+ptLWKqgva+5dAk=
golang.org/x/text v0.3.3/go.mod h1:5Zoc/QRtKVWzQhOtBMvqHzDpF6irO9z98xDceosuGiQ=
golang.org/x/text v0.3.7 h1:olpwvP2KacW1ZWvsR7uQhoyTYvKAupfQrRGBFM352Gk=
golang.org/x/text v0.3.7/go.mod h1:u+2+/6zg+i71rQMx5EYifcz6MCKuco9NR6JIITiCfzQ=
golang.org/x/tools v0.0.0-20180917221912-90fa682c2a6e/go.mod h1:n7NCudcB/nEzxVGmLbDWY5pfWTLqBcC2KZ6jyYvM4mQ=
golang.org/x/tools v0.0.0-20191119224855-298f0cb1881e/go.mod h1:b+2E5dAYhXwXZwtnZ6UAqBI28+e2cm9otk0dWdXHAEo=
golang.org/x/tools v0.0.0-20201124115921-2c860bdd6e78/go.mod h1:emZCQorbCU4vsT4fOWvOPXz4eW1wZW4PmDk9uLelYpA=
golang.org/x/xerrors v0.0.0-20190717185122-a985d3407aa7/go.mod h1:I/5z698sn9Ka8TeJc9MKroUUfqBBauWjQqLJ2OPfmY0=
golang.org/x/xerrors v0.0.0-20191011141410-1b5146add898/go.mod h1:I/5z698sn9Ka8TeJc9MKroUUfqBBauWjQqLJ2OPfmY0=
golang.org/x/xerrors v0.0.0-20191204190536-9bdfabe68543/go.mod h1:I/5z698sn9Ka8TeJc9MKroUUfqBBauWjQqLJ2OPfmY0=
golang.org/x/xerrors v0.0.0-20200804184101-5ec99f83aff1/go.mod h1:I/5z698sn9Ka8TeJc9MKroUUfqBBauWjQqLJ2OPfmY0=
gorm.io/gorm v1.24.0 h1:j/CoiSm6xpRpmzbFJsQHYj+I8bGYWLXVHeYEyyKlF74=
gorm.io/gorm v1.24.0/go.mod h1:DVrVomtaYTbqs7gB/x2uVvqnXzv0nqjB396B8cG4dBA=
lukechampine.com/uint128 v1.1.1/go.mod h1:c4eWIwlEGaxC/+H1VguhU4PHXNWDCDMUlWdIWl2j1gk=
modernc.org/cc/v3 v3.36.2/go.mod h1:NFUHyPn4ekoC/JHeZFfZurN6ixxawE1BnVonP/oahEI=
modernc.org/cc/v3 v3.37.0/go.mod h1:vtL+3mdHx/wcj3iEGz84rQa8vEqR6XM84v5Lcvfph20=
modernc.org/cc/v3 v3.38.1/go.mod h1:vtL+3mdHx/wcj3iEGz84rQa8vEqR6XM84v5Lcvfph20=
modernc.org/ccgo/v3 v3.0.0-20220904174949-82d86e1b6d56/go.mod h1:YSXjPL62P2AMSxBphRHPn7IkzhVHqkvOnRKAKh+W6ZI=
modernc.org/ccgo/v3 v3.0.0-20220910160915-348f15de615a/go.mod h1:8p47QxPkdugex9J4n9P2tLZ9bK01yngIVp00g4nomW0=
modernc.org/ccgo/v3 v3.16.9/go.mod h1:zNMzC9A9xeNUepy6KuZBbugn3c0Mc9TeiJO4lgvkJDo=
modernc.org/ccorpus v1.11.6/go.mod h1:2gEUTrWqdpH2pXsmTM1ZkjeSrUWDpjMu2T6m29L/ErQ=
modernc.org/httpfs v1.0.6/go.mod h1:7dosgurJGp0sPaRanU53W4xZYKh14wfzX420oZADeHM=
modernc.org/libc v1.17.0/go.mod h1:XsgLldpP4aWlPlsjqKRdHPqCxCjISdHfM/yeWC5GyW0=
modernc.org/libc v1.17.4/go.mod h1:WNg2ZH56rDEwdropAJeZPQkXmDwh+JCA1s/htl6r2fA=
modernc.org/libc v1.18.0/go.mod h1:vj6zehR5bfc98ipowQOM2nIDUZnVew/wNC/2tOGS+q0=
modernc.org/libc v1.19.0 h1:bXyVhGQg6KIClTr8FMVIDPl7jtbcs7aS5WP7vLDaxPs=
modernc.org/libc v1.19.0/go.mod h1:ZRfIaEkgrYgZDl6pa4W39HgN5G/yDW+NRmNKZBDFrk0=
modernc.org/mathutil v1.2.2/go.mod h1:mZW8CKdRPY1v87qxC/wUdX5O1qDzXMP5TH3wjfpga6E=
modernc.org/mathutil v1.4.1/go.mod h1:mZW8CKdRPY1v87qxC/wUdX5O1qDzXMP5TH3wjfpga6E=
modernc.org/mathutil v1.5.0 h1:rV0Ko/6SfM+8G+yKiyI830l3Wuz1zRutdslNoQ0kfiQ=
modernc.org/mathutil v1.5.0/go.mod h1:mZW8CKdRPY1v87qxC/wUdX5O1qDzXMP5TH3wjfpga6E=
modernc.org/memory v1.2.0/go.mod h1:/0wo5ibyrQiaoUoH7f9D8dnglAmILJ5/cxZlRECf+Nw=
modernc.org/memory v1.3.0/go.mod h1:PkUhL0Mugw21sHPeskwZW4D6VscE/GQJOnIpCnW6pSU=
modernc.org/memory v1.4.0 h1:crykUfNSnMAXaOJnnxcSzbUGMqkLWjklJKkBK2nwZwk=
modernc.org/memory v1.4.0/go.mod h1:PkUhL0Mugw21sHPeskwZW4D6VscE/GQJOnIpCnW6pSU=
modernc.org/opt v0.1.1/go.mod h1:WdSiB5evDcignE70guQKxYUl14mgWtbClRi5wmkkTX0=
modernc.org/opt v0.1.3/go.mod h1:WdSiB5evDcignE70guQKxYUl14mgWtbClRi5wmkkTX0=
modernc.org/sqlite v1.19.1 h1:8xmS5oLnZtAK//vnd4aTVj8VOeTAccEFOtUnIzfSw+4=
modernc.org/sqlite v1.19.1/go.mod h1:UfQ83woKMaPW/ZBruK0T7YaFCrI+IE0LeWVY6pmnVms=
modernc.org/strutil v1.1.1/go.mod h1:DE+MQQ/hjKBZS2zNInV5hhcipt5rLPWkmpbGeW5mmdw=
modernc.org/strutil v1.1.3/go.mod h1:MEHNA7PdEnEwLvspRMtWTNnp2nnyvMfkimT1NKNAGbw=
modernc.org/tcl v1.14.0/go.mod h1:gQ7c1YPMvryCHCcmf8acB6VPabE59QBeuRQLL7cTUlM=
modernc.org/token v1.0.0/go.mod h1:UGzOrNV1mAFSEB63lOFHIpNRUVMvYTc6yu1SMY/XTDM=
modernc.org/token v1.0.1/go.mod h1:UGzOrNV1mAFSEB63lOFHIpNRUVMvYTc6yu1SMY/XTDM=
modernc.org/z v1.6.0/go.mod h1:hVdgNMh8ggTuRG1rGU8x+xGRFfiQUIAw0ZqlPy8+HyQ=
